
Microsoft Visual Studio Solution File, Format Version 12.00
# Visual Studio Version 16
VisualStudioVersion = 16.0.31025.194
MinimumVisualStudioVersion = 10.0.40219.1
Project("{FAE04EC0-301F-11D3-BF4B-00C04F79EFBC}") = "UploadGit.Server", "UploadGit\Server\UploadGit.Server.csproj", "{CBDEADD3-9399-45B1-A932-BE9EE623FF54}"
EndProject
Project("{FAE04EC0-301F-11D3-BF4B-00C04F79EFBC}") = "UploadGit.Client", "UploadGit\Client\UploadGit.Client.csproj", "{A0459368-BF28-439A-9C87-DC28BCE90AED}"
EndProject
Project("{FAE04EC0-301F-11D3-BF4B-00C04F79EFBC}") = "UploadGit.Shared", "UploadGit\Shared\UploadGit.Shared.csproj", "{97C3E574-EE81-4723-9A0F-0B486F8B9D03}"
EndProject
Global
	GlobalSection(SolutionConfigurationPlatforms) = preSolution
		Debug|Any CPU = Debug|Any CPU
		Release|Any CPU = Release|Any CPU
	EndGlobalSection
	GlobalSection(ProjectConfigurationPlatforms) = postSolution
		{CBDEADD3-9399-45B1-A932-BE9EE623FF54}.Debug|Any CPU.ActiveCfg = Debug|Any CPU
		{CBDEADD3-9399-45B1-A932-BE9EE623FF54}.Debug|Any CPU.Build.0 = Debug|Any CPU
		{CBDEADD3-9399-45B1-A932-BE9EE623FF54}.Release|Any CPU.ActiveCfg = Release|Any CPU
		{CBDEADD3-9399-45B1-A932-BE9EE623FF54}.Release|Any CPU.Build.0 = Release|Any CPU
		{A0459368-BF28-439A-9C87-DC28BCE90AED}.Debug|Any CPU.ActiveCfg = Debug|Any CPU
		{A0459368-BF28-439A-9C87-DC28BCE90AED}.Debug|Any CPU.Build.0 = Debug|Any CPU
		{A0459368-BF28-439A-9C87-DC28BCE90AED}.Release|Any CPU.ActiveCfg = Release|Any CPU
		{A0459368-BF28-439A-9C87-DC28BCE90AED}.Release|Any CPU.Build.0 = Release|Any CPU
		{97C3E574-EE81-4723-9A0F-0B486F8B9D03}.Debug|Any CPU.ActiveCfg = Debug|Any CPU
		{97C3E574-EE81-4723-9A0F-0B486F8B9D03}.Debug|Any CPU.Build.0 = Debug|Any CPU
		{97C3E574-EE81-4723-9A0F-0B486F8B9D03}.Release|Any CPU.ActiveCfg = Release|Any CPU
		{97C3E574-EE81-4723-9A0F-0B486F8B9D03}.Release|Any CPU.Build.0 = Release|Any CPU
	EndGlobalSection
	GlobalSection(SolutionProperties) = preSolution
		HideSolutionNode = FALSE
	EndGlobalSection
	GlobalSection(ExtensibilityGlobals) = postSolution
		SolutionGuid = {C4446933-21F8-4D28-B452-2121A3F0C009}
	EndGlobalSection
EndGlobal
